
Microsoft Visual Studio Solution File, Format Version 12.00
# Visual Studio Version 16
VisualStudioVersion = 16.0.29926.136
MinimumVisualStudioVersion = 10.0.40219.1
Project("{9A19103F-16F7-4668-BE54-9A1E7A4F7556}") = "BigChangeAutomationTests", "BigChangeAutomationTests.csproj", "{50B6C3E3-22AD-4271-9C38-B80A8DF7722F}"
EndProject
Project("{9A19103F-16F7-4668-BE54-9A1E7A4F7556}") = "BigChangeAutomationFramework", "..\BigChangeAutomationFramework\BigChangeAutomationFramework.csproj", "{6FE4AC55-A9FA-415F-AD94-AE2D267821C7}"
EndProject
Project("{FAE04EC0-301F-11D3-BF4B-00C04F79EFBC}") = "BigChangeAutomationAPI", "..\BigChangeAutomationAPI\BigChangeAutomationAPI.csproj", "{C1A40D7E-ADA7-4AE8-BD8D-5640B00820AD}"
EndProject
Global
	GlobalSection(SolutionConfigurationPlatforms) = preSolution
		Debug|Any CPU = Debug|Any CPU
		Release|Any CPU = Release|Any CPU
	EndGlobalSection
	GlobalSection(ProjectConfigurationPlatforms) = postSolution
		{50B6C3E3-22AD-4271-9C38-B80A8DF7722F}.Debug|Any CPU.ActiveCfg = Debug|Any CPU
		{50B6C3E3-22AD-4271-9C38-B80A8DF7722F}.Debug|Any CPU.Build.0 = Debug|Any CPU
		{50B6C3E3-22AD-4271-9C38-B80A8DF7722F}.Release|Any CPU.ActiveCfg = Release|Any CPU
		{50B6C3E3-22AD-4271-9C38-B80A8DF7722F}.Release|Any CPU.Build.0 = Release|Any CPU
		{6FE4AC55-A9FA-415F-AD94-AE2D267821C7}.Debug|Any CPU.ActiveCfg = Debug|Any CPU
		{6FE4AC55-A9FA-415F-AD94-AE2D267821C7}.Debug|Any CPU.Build.0 = Debug|Any CPU
		{6FE4AC55-A9FA-415F-AD94-AE2D267821C7}.Release|Any CPU.ActiveCfg = Release|Any CPU
		{6FE4AC55-A9FA-415F-AD94-AE2D267821C7}.Release|Any CPU.Build.0 = Release|Any CPU
		{C1A40D7E-ADA7-4AE8-BD8D-5640B00820AD}.Debug|Any CPU.ActiveCfg = Debug|Any CPU
		{C1A40D7E-ADA7-4AE8-BD8D-5640B00820AD}.Debug|Any CPU.Build.0 = Debug|Any CPU
		{C1A40D7E-ADA7-4AE8-BD8D-5640B00820AD}.Release|Any CPU.ActiveCfg = Release|Any CPU
		{C1A40D7E-ADA7-4AE8-BD8D-5640B00820AD}.Release|Any CPU.Build.0 = Release|Any CPU
	EndGlobalSection
	GlobalSection(SolutionProperties) = preSolution
		HideSolutionNode = FALSE
	EndGlobalSection
	GlobalSection(ExtensibilityGlobals) = postSolution
		SolutionGuid = {E6B8D6F5-3A20-4F55-856D-8E03C650EDFA}
	EndGlobalSection
EndGlobal
